
Microsoft Visual Studio Solution File, Format Version 12.00
# Visual Studio Version 17
VisualStudioVersion = 17.13.35919.96
MinimumVisualStudioVersion = 10.0.40219.1
Project("{8BC9CEB8-8B4A-11D0-8D11-00A0C91BC942}") = "Program", "Program.vcxproj", "{4AD49BF7-DC46-4DBF-A821-385D93C84872}"
EndProject
Project("{8BC9CEB8-8B4A-11D0-8D11-00A0C91BC942}") = "Class 1th (Single Linked List)", "..\Class 1th (Single Linked List)\Class 1th (Single Linked List).vcxproj", "{0E889FC6-2FF7-4CF6-880A-38F7AFAEA5C2}"
EndProject
Project("{8BC9CEB8-8B4A-11D0-8D11-00A0C91BC942}") = "Class 2th (Double Linked List)", "..\Class 2th (Double Linked List)\Class 2th (Double Linked List).vcxproj", "{28D78DC7-2CBE-4115-85BD-5F6BD10FCC6C}"
EndProject
Project("{8BC9CEB8-8B4A-11D0-8D11-00A0C91BC942}") = "Class 3th (Circle Linked List)", "..\Class 3th (Circle Linked List)\Class 3th (Circle Linked List).vcxproj", "{98276A18-6116-497D-9FBB-809E64E7099B}"
EndProject
Project("{8BC9CEB8-8B4A-11D0-8D11-00A0C91BC942}") = "Class 4th (Vector)", "..\Class 4th (Vector)\Class 4th (Vector).vcxproj", "{F6B7920F-C625-4485-9556-98B029BA7082}"
EndProject
Project("{8BC9CEB8-8B4A-11D0-8D11-00A0C91BC942}") = "Class 5th (Stack)", "..\Class 5th (Stack)\Class 5th (Stack).vcxproj", "{48893A55-04F6-4EEE-9C51-8C3EC8817D66}"
EndProject
Project("{8BC9CEB8-8B4A-11D0-8D11-00A0C91BC942}") = "Class 6th (Linear Queue)", "..\Class 6th (Linear Queue)\Class 6th (Linear Queue).vcxproj", "{0923C1F5-DE31-4E8A-8A27-D3473F15C6AF}"
EndProject
Project("{8BC9CEB8-8B4A-11D0-8D11-00A0C91BC942}") = "Class 7th (Circle Queue)", "..\Class 7th (Circle Queue)\Class 7th (Circle Queue).vcxproj", "{565A425B-CB95-44F2-B0DA-2A9617A96113}"
EndProject
Project("{8BC9CEB8-8B4A-11D0-8D11-00A0C91BC942}") = "Class 8th (PriorityQueue)", "..\Class 8th (PriorityQueue)\Class 8th (PriorityQueue).vcxproj", "{1957629A-9501-456C-BBC1-376DCD72C38F}"
EndProject
Global
	GlobalSection(SolutionConfigurationPlatforms) = preSolution
		Debug|x64 = Debug|x64
		Debug|x86 = Debug|x86
		Release|x64 = Release|x64
		Release|x86 = Release|x86
	EndGlobalSection
	GlobalSection(ProjectConfigurationPlatforms) = postSolution
		{4AD49BF7-DC46-4DBF-A821-385D93C84872}.Debug|x64.ActiveCfg = Debug|x64
		{4AD49BF7-DC46-4DBF-A821-385D93C84872}.Debug|x64.Build.0 = Debug|x64
		{4AD49BF7-DC46-4DBF-A821-385D93C84872}.Debug|x86.ActiveCfg = Debug|Win32
		{4AD49BF7-DC46-4DBF-A821-385D93C84872}.Debug|x86.Build.0 = Debug|Win32
		{4AD49BF7-DC46-4DBF-A821-385D93C84872}.Release|x64.ActiveCfg = Release|x64
		{4AD49BF7-DC46-4DBF-A821-385D93C84872}.Release|x64.Build.0 = Release|x64
		{4AD49BF7-DC46-4DBF-A821-385D93C84872}.Release|x86.ActiveCfg = Release|Win32
		{4AD49BF7-DC46-4DBF-A821-385D93C84872}.Release|x86.Build.0 = Release|Win32
		{0E889FC6-2FF7-4CF6-880A-38F7AFAEA5C2}.Debug|x64.ActiveCfg = Debug|x64
		{0E889FC6-2FF7-4CF6-880A-38F7AFAEA5C2}.Debug|x64.Build.0 = Debug|x64
		{0E889FC6-2FF7-4CF6-880A-38F7AFAEA5C2}.Debug|x86.ActiveCfg = Debug|Win32
		{0E889FC6-2FF7-4CF6-880A-38F7AFAEA5C2}.Debug|x86.Build.0 = Debug|Win32
		{0E889FC6-2FF7-4CF6-880A-38F7AFAEA5C2}.Release|x64.ActiveCfg = Release|x64
		{0E889FC6-2FF7-4CF6-880A-38F7AFAEA5C2}.Release|x64.Build.0 = Release|x64
		{0E889FC6-2FF7-4CF6-880A-38F7AFAEA5C2}.Release|x86.ActiveCfg = Release|Win32
		{0E889FC6-2FF7-4CF6-880A-38F7AFAEA5C2}.Release|x86.Build.0 = Release|Win32
		{28D78DC7-2CBE-4115-85BD-5F6BD10FCC6C}.Debug|x64.ActiveCfg = Debug|x64
		{28D78DC7-2CBE-4115-85BD-5F6BD10FCC6C}.Debug|x64.Build.0 = Debug|x64
		{28D78DC7-2CBE-4115-85BD-5F6BD10FCC6C}.Debug|x86.ActiveCfg = Debug|Win32
		{28D78DC7-2CBE-4115-85BD-5F6BD10FCC6C}.Debug|x86.Build.0 = Debug|Win32
		{28D78DC7-2CBE-4115-85BD-5F6BD10FCC6C}.Release|x64.ActiveCfg = Release|x64
		{28D78DC7-2CBE-4115-85BD-5F6BD10FCC6C}.Release|x64.Build.0 = Release|x64
		{28D78DC7-2CBE-4115-85BD-5F6BD10FCC6C}.Release|x86.ActiveCfg = Release|Win32
		{28D78DC7-2CBE-4115-85BD-5F6BD10FCC6C}.Release|x86.Build.0 = Release|Win32
		{98276A18-6116-497D-9FBB-809E64E7099B}.Debug|x64.ActiveCfg = Debug|x64
		{98276A18-6116-497D-9FBB-809E64E7099B}.Debug|x64.Build.0 = Debug|x64
		{98276A18-6116-497D-9FBB-809E64E7099B}.Debug|x86.ActiveCfg = Debug|Win32
		{98276A18-6116-497D-9FBB-809E64E7099B}.Debug|x86.Build.0 = Debug|Win32
		{98276A18-6116-497D-9FBB-809E64E7099B}.Release|x64.ActiveCfg = Release|x64
		{98276A18-6116-497D-9FBB-809E64E7099B}.Release|x64.Build.0 = Release|x64
		{98276A18-6116-497D-9FBB-809E64E7099B}.Release|x86.ActiveCfg = Release|Win32
		{98276A18-6116-497D-9FBB-809E64E7099B}.Release|x86.Build.0 = Release|Win32
		{F6B7920F-C625-4485-9556-98B029BA7082}.Debug|x64.ActiveCfg = Debug|x64
		{F6B7920F-C625-4485-9556-98B029BA7082}.Debug|x64.Build.0 = Debug|x64
		{F6B7920F-C625-4485-9556-98B029BA7082}.Debug|x86.ActiveCfg = Debug|Win32
		{F6B7920F-C625-4485-9556-98B029BA7082}.Debug|x86.Build.0 = Debug|Win32
		{F6B7920F-C625-4485-9556-98B029BA7082}.Release|x64.ActiveCfg = Release|x64
		{F6B7920F-C625-4485-9556-98B029BA7082}.Release|x64.Build.0 = Release|x64
		{F6B7920F-C625-4485-9556-98B029BA7082}.Release|x86.ActiveCfg = Release|Win32
		{F6B7920F-C625-4485-9556-98B029BA7082}.Release|x86.Build.0 = Release|Win32
		{48893A55-04F6-4EEE-9C51-8C3EC8817D66}.Debug|x64.ActiveCfg = Debug|x64
		{48893A55-04F6-4EEE-9C51-8C3EC8817D66}.Debug|x64.Build.0 = Debug|x64
		{48893A55-04F6-4EEE-9C51-8C3EC8817D66}.Debug|x86.ActiveCfg = Debug|Win32
		{48893A55-04F6-4EEE-9C51-8C3EC8817D66}.Debug|x86.Build.0 = Debug|Win32
		{48893A55-04F6-4EEE-9C51-8C3EC8817D66}.Release|x64.ActiveCfg = Release|x64
		{48893A55-04F6-4EEE-9C51-8C3EC8817D66}.Release|x64.Build.0 = Release|x64
		{48893A55-04F6-4EEE-9C51-8C3EC8817D66}.Release|x86.ActiveCfg = Release|Win32
		{48893A55-04F6-4EEE-9C51-8C3EC8817D66}.Release|x86.Build.0 = Release|Win32
		{0923C1F5-DE31-4E8A-8A27-D3473F15C6AF}.Debug|x64.ActiveCfg = Debug|x64
		{0923C1F5-DE31-4E8A-8A27-D3473F15C6AF}.Debug|x64.Build.0 = Debug|x64
		{0923C1F5-DE31-4E8A-8A27-D3473F15C6AF}.Debug|x86.ActiveCfg = Debug|Win32
		{0923C1F5-DE31-4E8A-8A27-D3473F15C6AF}.Debug|x86.Build.0 = Debug|Win32
		{0923C1F5-DE31-4E8A-8A27-D3473F15C6AF}.Release|x64.ActiveCfg = Release|x64
		{0923C1F5-DE31-4E8A-8A27-D3473F15C6AF}.Release|x64.Build.0 = Release|x64
		{0923C1F5-DE31-4E8A-8A27-D3473F15C6AF}.Release|x86.ActiveCfg = Release|Win32
		{0923C1F5-DE31-4E8A-8A27-D3473F15C6AF}.Release|x86.Build.0 = Release|Win32
		{565A425B-CB95-44F2-B0DA-2A9617A96113}.Debug|x64.ActiveCfg = Debug|x64
		{565A425B-CB95-44F2-B0DA-2A9617A96113}.Debug|x64.Build.0 = Debug|x64
		{565A425B-CB95-44F2-B0DA-2A9617A96113}.Debug|x86.ActiveCfg = Debug|Win32
		{565A425B-CB95-44F2-B0DA-2A9617A96113}.Debug|x86.Build.0 = Debug|Win32
		{565A425B-CB95-44F2-B0DA-2A9617A96113}.Release|x64.ActiveCfg = Release|x64
		{565A425B-CB95-44F2-B0DA-2A9617A96113}.Release|x64.Build.0 = Release|x64
		{565A425B-CB95-44F2-B0DA-2A9617A96113}.Release|x86.ActiveCfg = Release|Win32
		{565A425B-CB95-44F2-B0DA-2A9617A96113}.Release|x86.Build.0 = Release|Win32
		{1957629A-9501-456C-BBC1-376DCD72C38F}.Debug|x64.ActiveCfg = Debug|x64
		{1957629A-9501-456C-BBC1-376DCD72C38F}.Debug|x64.Build.0 = Debug|x64
		{1957629A-9501-456C-BBC1-376DCD72C38F}.Debug|x86.ActiveCfg = Debug|Win32
		{1957629A-9501-456C-BBC1-376DCD72C38F}.Debug|x86.Build.0 = Debug|Win32
		{1957629A-9501-456C-BBC1-376DCD72C38F}.Release|x64.ActiveCfg = Release|x64
		{1957629A-9501-456C-BBC1-376DCD72C38F}.Release|x64.Build.0 = Release|x64
		{1957629A-9501-456C-BBC1-376DCD72C38F}.Release|x86.ActiveCfg = Release|Win32
		{1957629A-9501-456C-BBC1-376DCD72C38F}.Release|x86.Build.0 = Release|Win32
	EndGlobalSection
	GlobalSection(SolutionProperties) = preSolution
		HideSolutionNode = FALSE
	EndGlobalSection
	GlobalSection(ExtensibilityGlobals) = postSolution
		SolutionGuid = {CC949D95-C4B2-4ED9-AB75-AE2DFE345C83}
	EndGlobalSection
EndGlobal
